Microsoft Visual Studio Solution File, Format Version 12.00
# 17
VisualStudioVersion = 17.10.35027.167
MinimumVisualStudioVersion = 10.0.40219.1
Project("{9A19103F-16F7-4668-BE54-9A1E7A4F7556}") = "TransmissionManager.Api", "TransmissionManager.Api\TransmissionManager.Api.csproj", "{00361C06-557B-4D74-8365-897DD011AB30}"
EndProject
Project("{2150E333-8FDC-42A3-9474-1A3956D46DE8}") = "Solution Items", "Solution Items", "{625C1B78-4665-4D82-BBEB-B305B98403C8}"
	ProjectSection(SolutionItems) = preProject
		.dockerignore = .dockerignore
		.editorconfig = .editorconfig
		..\.gitignore = ..\.gitignore
		Directory.Packages.props = Directory.Packages.props
		..\README.md = ..\README.md
	EndProjectSection
EndProject
Project("{9A19103F-16F7-4668-BE54-9A1E7A4F7556}") = "TransmissionManager.TorrentWebPages", "TransmissionManager.TorrentWebPages\TransmissionManager.TorrentWebPages.csproj", "{5B1428DA-7BC1-4621-BDED-6FC58FA3DABF}"
EndProject
Project("{9A19103F-16F7-4668-BE54-9A1E7A4F7556}") = "TransmissionManager.Transmission", "TransmissionManager.Transmission\TransmissionManager.Transmission.csproj", "{4663CB43-A15B-4E0A-84DE-99AEDC2A7255}"
EndProject
Project("{2150E333-8FDC-42A3-9474-1A3956D46DE8}") = "Tests", "Tests", "{5F7726A6-4944-4347-A591-ACB2FB3F7126}"
EndProject
Project("{9A19103F-16F7-4668-BE54-9A1E7A4F7556}") = "TransmissionManager.BaseTests", "Tests\TransmissionManager.BaseTests\TransmissionManager.BaseTests.csproj", "{ADCADB36-C5A4-4608-B419-2601E2BA0E93}"
EndProject
Project("{9A19103F-16F7-4668-BE54-9A1E7A4F7556}") = "TransmissionManager.TorrentWebPages.Tests", "Tests\TransmissionManager.TorrentWebPages.Tests\TransmissionManager.TorrentWebPages.Tests.csproj", "{45506A55-300F-41CB-BF68-9A1892FA498B}"
EndProject
Project("{9A19103F-16F7-4668-BE54-9A1E7A4F7556}") = "TransmissionManager.Database", "TransmissionManager.Database\TransmissionManager.Database.csproj", "{C3B1BAC1-F19E-4DBB-8520-058CBB7AEB17}"
EndProject
Project("{9A19103F-16F7-4668-BE54-9A1E7A4F7556}") = "TransmissionManager.Transmission.Tests", "Tests\TransmissionManager.Transmission.Tests\TransmissionManager.Transmission.Tests.csproj", "{2B3AD0E6-45F1-46CA-966A-FAEF03D285AA}"
EndProject
Project("{9A19103F-16F7-4668-BE54-9A1E7A4F7556}") = "TransmissionManager.Database.Tests", "Tests\TransmissionManager.Database.Tests\TransmissionManager.Database.Tests.csproj", "{F300CE8F-C0A4-4AC1-B9A3-277AA884A816}"
EndProject
Project("{9A19103F-16F7-4668-BE54-9A1E7A4F7556}") = "TransmissionManager.Api.IntegrationTests", "Tests\TransmissionManager.Api.IntegrationTests\TransmissionManager.Api.IntegrationTests.csproj", "{07B0B8A3-15D5-44AC-9737-B8D75E8E9D83}"
EndProject
Global
	GlobalSection(SolutionConfigurationPlatforms) = preSolution
		Debug|Any CPU = Debug|Any CPU
		Release|Any CPU = Release|Any CPU
	EndGlobalSection
	GlobalSection(ProjectConfigurationPlatforms) = postSolution
		{00361C06-557B-4D74-8365-897DD011AB30}.Debug|Any CPU.ActiveCfg = Debug|Any CPU
		{00361C06-557B-4D74-8365-897DD011AB30}.Debug|Any CPU.Build.0 = Debug|Any CPU
		{00361C06-557B-4D74-8365-897DD011AB30}.Release|Any CPU.ActiveCfg = Release|Any CPU
		{00361C06-557B-4D74-8365-897DD011AB30}.Release|Any CPU.Build.0 = Release|Any CPU
		{5B1428DA-7BC1-4621-BDED-6FC58FA3DABF}.Debug|Any CPU.ActiveCfg = Debug|Any CPU
		{5B1428DA-7BC1-4621-BDED-6FC58FA3DABF}.Debug|Any CPU.Build.0 = Debug|Any CPU
		{5B1428DA-7BC1-4621-BDED-6FC58FA3DABF}.Release|Any CPU.ActiveCfg = Release|Any CPU
		{5B1428DA-7BC1-4621-BDED-6FC58FA3DABF}.Release|Any CPU.Build.0 = Release|Any CPU
		{4663CB43-A15B-4E0A-84DE-99AEDC2A7255}.Debug|Any CPU.ActiveCfg = Debug|Any CPU
		{4663CB43-A15B-4E0A-84DE-99AEDC2A7255}.Debug|Any CPU.Build.0 = Debug|Any CPU
		{4663CB43-A15B-4E0A-84DE-99AEDC2A7255}.Release|Any CPU.ActiveCfg = Release|Any CPU
		{4663CB43-A15B-4E0A-84DE-99AEDC2A7255}.Release|Any CPU.Build.0 = Release|Any CPU
		{ADCADB36-C5A4-4608-B419-2601E2BA0E93}.Debug|Any CPU.ActiveCfg = Debug|Any CPU
		{ADCADB36-C5A4-4608-B419-2601E2BA0E93}.Debug|Any CPU.Build.0 = Debug|Any CPU
		{ADCADB36-C5A4-4608-B419-2601E2BA0E93}.Release|Any CPU.ActiveCfg = Release|Any CPU
		{ADCADB36-C5A4-4608-B419-2601E2BA0E93}.Release|Any CPU.Build.0 = Release|Any CPU
		{45506A55-300F-41CB-BF68-9A1892FA498B}.Debug|Any CPU.ActiveCfg = Debug|Any CPU
		{45506A55-300F-41CB-BF68-9A1892FA498B}.Debug|Any CPU.Build.0 = Debug|Any CPU
		{45506A55-300F-41CB-BF68-9A1892FA498B}.Release|Any CPU.ActiveCfg = Release|Any CPU
		{45506A55-300F-41CB-BF68-9A1892FA498B}.Release|Any CPU.Build.0 = Release|Any CPU
		{C3B1BAC1-F19E-4DBB-8520-058CBB7AEB17}.Debug|Any CPU.ActiveCfg = Debug|Any CPU
		{C3B1BAC1-F19E-4DBB-8520-058CBB7AEB17}.Debug|Any CPU.Build.0 = Debug|Any CPU
		{C3B1BAC1-F19E-4DBB-8520-058CBB7AEB17}.Release|Any CPU.ActiveCfg = Release|Any CPU
		{C3B1BAC1-F19E-4DBB-8520-058CBB7AEB17}.Release|Any CPU.Build.0 = Release|Any CPU
		{2B3AD0E6-45F1-46CA-966A-FAEF03D285AA}.Debug|Any CPU.ActiveCfg = Debug|Any CPU
		{2B3AD0E6-45F1-46CA-966A-FAEF03D285AA}.Debug|Any CPU.Build.0 = Debug|Any CPU
		{2B3AD0E6-45F1-46CA-966A-FAEF03D285AA}.Release|Any CPU.ActiveCfg = Release|Any CPU
		{2B3AD0E6-45F1-46CA-966A-FAEF03D285AA}.Release|Any CPU.Build.0 = Release|Any CPU
		{F300CE8F-C0A4-4AC1-B9A3-277AA884A816}.Debug|Any CPU.ActiveCfg = Debug|Any CPU
		{F300CE8F-C0A4-4AC1-B9A3-277AA884A816}.Debug|Any CPU.Build.0 = Debug|Any CPU
		{F300CE8F-C0A4-4AC1-B9A3-277AA884A816}.Release|Any CPU.ActiveCfg = Release|Any CPU
		{F300CE8F-C0A4-4AC1-B9A3-277AA884A816}.Release|Any CPU.Build.0 = Release|Any CPU
		{07B0B8A3-15D5-44AC-9737-B8D75E8E9D83}.Debug|Any CPU.ActiveCfg = Debug|Any CPU
		{07B0B8A3-15D5-44AC-9737-B8D75E8E9D83}.Debug|Any CPU.Build.0 = Debug|Any CPU
		{07B0B8A3-15D5-44AC-9737-B8D75E8E9D83}.Release|Any CPU.ActiveCfg = Release|Any CPU
		{07B0B8A3-15D5-44AC-9737-B8D75E8E9D83}.Release|Any CPU.Build.0 = Release|Any CPU
	EndGlobalSection
	GlobalSection(SolutionProperties) = preSolution
		HideSolutionNode = FALSE
	EndGlobalSection
	GlobalSection(NestedProjects) = preSolution
		{ADCADB36-C5A4-4608-B419-2601E2BA0E93} = {5F7726A6-4944-4347-A591-ACB2FB3F7126}
		{45506A55-300F-41CB-BF68-9A1892FA498B} = {5F7726A6-4944-4347-A591-ACB2FB3F7126}
		{2B3AD0E6-45F1-46CA-966A-FAEF03D285AA} = {5F7726A6-4944-4347-A591-ACB2FB3F7126}
		{F300CE8F-C0A4-4AC1-B9A3-277AA884A816} = {5F7726A6-4944-4347-A591-ACB2FB3F7126}
		{07B0B8A3-15D5-44AC-9737-B8D75E8E9D83} = {5F7726A6-4944-4347-A591-ACB2FB3F7126}
	EndGlobalSection
	GlobalSection(ExtensibilityGlobals) = postSolution
		SolutionGuid = {89CF4CEF-CBC8-411C-B159-83323BE5F85C}
	EndGlobalSection
EndGlobal
