Microsoft Visual Studio Solution File, Format Version 12.00
# Visual Studio Version 17
VisualStudioVersion = 17.10.35027.167
MinimumVisualStudioVersion = 10.0.40219.1
Project("{9A19103F-16F7-4668-BE54-9A1E7A4F7556}") = "TransmissionManager.Api", "TransmissionManager.Api\TransmissionManager.Api.csproj", "{00361C06-557B-4D74-8365-897DD011AB30}"
EndProject
Project("{2150E333-8FDC-42A3-9474-1A3956D46DE8}") = "Solution Items", "Solution Items", "{625C1B78-4665-4D82-BBEB-B305B98403C8}"
	ProjectSection(SolutionItems) = preProject
		.dockerignore = .dockerignore
		.editorconfig = .editorconfig
		..\.gitignore = ..\.gitignore
		Directory.Packages.props = Directory.Packages.props
		..\README.md = ..\README.md
	EndProjectSection
EndProject
Project("{9A19103F-16F7-4668-BE54-9A1E7A4F7556}") = "TransmissionManager.TorrentTrackerClient", "TransmissionManager.TorrentTrackerClient\TransmissionManager.TorrentTrackerClient.csproj", "{5B1428DA-7BC1-4621-BDED-6FC58FA3DABF}"
EndProject
Project("{9A19103F-16F7-4668-BE54-9A1E7A4F7556}") = "TransmissionManager.TransmissionClient", "TransmissionManager.TransmissionClient\TransmissionManager.TransmissionClient.csproj", "{4663CB43-A15B-4E0A-84DE-99AEDC2A7255}"
EndProject
Project("{2150E333-8FDC-42A3-9474-1A3956D46DE8}") = "Tests", "Tests", "{5F7726A6-4944-4347-A591-ACB2FB3F7126}"
EndProject
Project("{9A19103F-16F7-4668-BE54-9A1E7A4F7556}") = "TransmissionManager.BaseTests", "Tests\TransmissionManager.BaseTests\TransmissionManager.BaseTests.csproj", "{ADCADB36-C5A4-4608-B419-2601E2BA0E93}"
EndProject
Project("{9A19103F-16F7-4668-BE54-9A1E7A4F7556}") = "TransmissionManager.TorrentTrackerClient.Tests", "Tests\TransmissionManager.TorrentTrackerClient.Tests\TransmissionManager.TorrentTrackerClient.Tests.csproj", "{45506A55-300F-41CB-BF68-9A1892FA498B}"
EndProject
Project("{FAE04EC0-301F-11D3-BF4B-00C04F79EFBC}") = "TransmissionManager.Database", "TransmissionManager.Database\TransmissionManager.Database.csproj", "{C3B1BAC1-F19E-4DBB-8520-058CBB7AEB17}"
EndProject
Global
	GlobalSection(SolutionConfigurationPlatforms) = preSolution
		Debug|Any CPU = Debug|Any CPU
		Release|Any CPU = Release|Any CPU
	EndGlobalSection
	GlobalSection(ProjectConfigurationPlatforms) = postSolution
		{00361C06-557B-4D74-8365-897DD011AB30}.Debug|Any CPU.ActiveCfg = Debug|Any CPU
		{00361C06-557B-4D74-8365-897DD011AB30}.Debug|Any CPU.Build.0 = Debug|Any CPU
		{00361C06-557B-4D74-8365-897DD011AB30}.Release|Any CPU.ActiveCfg = Release|Any CPU
		{00361C06-557B-4D74-8365-897DD011AB30}.Release|Any CPU.Build.0 = Release|Any CPU
		{5B1428DA-7BC1-4621-BDED-6FC58FA3DABF}.Debug|Any CPU.ActiveCfg = Debug|Any CPU
		{5B1428DA-7BC1-4621-BDED-6FC58FA3DABF}.Debug|Any CPU.Build.0 = Debug|Any CPU
		{5B1428DA-7BC1-4621-BDED-6FC58FA3DABF}.Release|Any CPU.ActiveCfg = Release|Any CPU
		{5B1428DA-7BC1-4621-BDED-6FC58FA3DABF}.Release|Any CPU.Build.0 = Release|Any CPU
		{4663CB43-A15B-4E0A-84DE-99AEDC2A7255}.Debug|Any CPU.ActiveCfg = Debug|Any CPU
		{4663CB43-A15B-4E0A-84DE-99AEDC2A7255}.Debug|Any CPU.Build.0 = Debug|Any CPU
		{4663CB43-A15B-4E0A-84DE-99AEDC2A7255}.Release|Any CPU.ActiveCfg = Release|Any CPU
		{4663CB43-A15B-4E0A-84DE-99AEDC2A7255}.Release|Any CPU.Build.0 = Release|Any CPU
		{ADCADB36-C5A4-4608-B419-2601E2BA0E93}.Debug|Any CPU.ActiveCfg = Debug|Any CPU
		{ADCADB36-C5A4-4608-B419-2601E2BA0E93}.Debug|Any CPU.Build.0 = Debug|Any CPU
		{ADCADB36-C5A4-4608-B419-2601E2BA0E93}.Release|Any CPU.ActiveCfg = Release|Any CPU
		{ADCADB36-C5A4-4608-B419-2601E2BA0E93}.Release|Any CPU.Build.0 = Release|Any CPU
		{45506A55-300F-41CB-BF68-9A1892FA498B}.Debug|Any CPU.ActiveCfg = Debug|Any CPU
		{45506A55-300F-41CB-BF68-9A1892FA498B}.Debug|Any CPU.Build.0 = Debug|Any CPU
		{45506A55-300F-41CB-BF68-9A1892FA498B}.Release|Any CPU.ActiveCfg = Release|Any CPU
		{45506A55-300F-41CB-BF68-9A1892FA498B}.Release|Any CPU.Build.0 = Release|Any CPU
		{C3B1BAC1-F19E-4DBB-8520-058CBB7AEB17}.Debug|Any CPU.ActiveCfg = Debug|Any CPU
		{C3B1BAC1-F19E-4DBB-8520-058CBB7AEB17}.Debug|Any CPU.Build.0 = Debug|Any CPU
		{C3B1BAC1-F19E-4DBB-8520-058CBB7AEB17}.Release|Any CPU.ActiveCfg = Release|Any CPU
		{C3B1BAC1-F19E-4DBB-8520-058CBB7AEB17}.Release|Any CPU.Build.0 = Release|Any CPU
	EndGlobalSection
	GlobalSection(SolutionProperties) = preSolution
		HideSolutionNode = FALSE
	EndGlobalSection
	GlobalSection(NestedProjects) = preSolution
		{ADCADB36-C5A4-4608-B419-2601E2BA0E93} = {5F7726A6-4944-4347-A591-ACB2FB3F7126}
		{45506A55-300F-41CB-BF68-9A1892FA498B} = {5F7726A6-4944-4347-A591-ACB2FB3F7126}
	EndGlobalSection
	GlobalSection(ExtensibilityGlobals) = postSolution
		SolutionGuid = {89CF4CEF-CBC8-411C-B159-83323BE5F85C}
	EndGlobalSection
EndGlobal
