<Solution>
  <Folder Name="/Solution Items/">
    <File Path="../.gitignore" />
    <File Path="../README.md" />
    <File Path=".dockerignore" />
    <File Path=".editorconfig" />
    <File Path="Directory.Packages.props" />
  </Folder>
  <Folder Name="/tests/">
    <Project Path="tests/TransmissionManager.Api.Common.Tests/TransmissionManager.Api.Common.Tests.csproj" />
    <Project Path="tests/TransmissionManager.Api.IntegrationTests/TransmissionManager.Api.IntegrationTests.csproj" />
    <Project Path="tests/TransmissionManager.Api.Tests/TransmissionManager.Api.Tests.csproj" />
    <Project Path="tests/TransmissionManager.BaseTests/TransmissionManager.BaseTests.csproj" />
    <Project Path="tests/TransmissionManager.Database.Tests/TransmissionManager.Database.Tests.csproj" />
    <Project Path="tests/TransmissionManager.TorrentSources.Tests/TransmissionManager.TorrentSources.Tests.csproj" />
    <Project Path="tests/TransmissionManager.Transmission.Tests/TransmissionManager.Transmission.Tests.csproj" />
  </Folder>
  <Project Path="TransmissionManager.Api.Common/TransmissionManager.Api.Common.csproj" />
  <Project Path="TransmissionManager.Api/TransmissionManager.Api.csproj" />
  <Project Path="TransmissionManager.Database/TransmissionManager.Database.csproj" />
  <Project Path="TransmissionManager.TorrentSources/TransmissionManager.TorrentSources.csproj" />
  <Project Path="TransmissionManager.Transmission/TransmissionManager.Transmission.csproj" />
  <Project Path="TransmissionManager.Web/TransmissionManager.Web.csproj" />
</Solution>
